// !$*UTF8*$!
{
	archiveVersion = 1;
	classes = {
	};
	objectVersion = 55;
	objects = {

/* Begin PBXBuildFile section */
		5E7E443627413F470003BC34 /* AppDelegate.swift in Sources */ = {isa = PBXBuildFile; fileRef = 5E7E443527413F470003BC34 /* AppDelegate.swift */; };
		5E7E443827413F470003BC34 /* SceneDelegate.swift in Sources */ = {isa = PBXBuildFile; fileRef = 5E7E443727413F470003BC34 /* SceneDelegate.swift */; };
		5E7E443A27413F470003BC34 /* PurchasesViewController.swift in Sources */ = {isa = PBXBuildFile; fileRef = 5E7E443927413F470003BC34 /* PurchasesViewController.swift */; };
		5E7E443D27413F470003BC34 /* Main.storyboard in Resources */ = {isa = PBXBuildFile; fileRef = 5E7E443B27413F470003BC34 /* Main.storyboard */; };
		5E7E444027413F470003BC34 /* MarcosApostolo.xcdatamodeld in Sources */ = {isa = PBXBuildFile; fileRef = 5E7E443E27413F470003BC34 /* MarcosApostolo.xcdatamodeld */; };
		5E7E444227413F480003BC34 /* Assets.xcassets in Resources */ = {isa = PBXBuildFile; fileRef = 5E7E444127413F480003BC34 /* Assets.xcassets */; };
		5E7E444527413F480003BC34 /* LaunchScreen.storyboard in Resources */ = {isa = PBXBuildFile; fileRef = 5E7E444327413F480003BC34 /* LaunchScreen.storyboard */; };
		5E7E4451274142FC0003BC34 /* SettingsViewController.swift in Sources */ = {isa = PBXBuildFile; fileRef = 5E7E4450274142FC0003BC34 /* SettingsViewController.swift */; };
		5EB26321274164890070B4A5 /* ResultsViewController.swift in Sources */ = {isa = PBXBuildFile; fileRef = 5EB26320274164890070B4A5 /* ResultsViewController.swift */; };
		5EB26324274164B80070B4A5 /* RegisterViewController.swift in Sources */ = {isa = PBXBuildFile; fileRef = 5EB26323274164B80070B4A5 /* RegisterViewController.swift */; };
/* End PBXBuildFile section */

/* Begin PBXFileReference section */
		5E7E443227413F470003BC34 /* MarcosApostolo.app */ = {isa = PBXFileReference; explicitFileType = wrapper.application; includeInIndex = 0; path = MarcosApostolo.app; sourceTree = BUILT_PRODUCTS_DIR; };
		5E7E443527413F470003BC34 /* AppDelegate.swift */ = {isa = PBXFileReference; lastKnownFileType = sourcecode.swift; path = AppDelegate.swift; sourceTree = "<group>"; };
		5E7E443727413F470003BC34 /* SceneDelegate.swift */ = {isa = PBXFileReference; lastKnownFileType = sourcecode.swift; path = SceneDelegate.swift; sourceTree = "<group>"; };
		5E7E443927413F470003BC34 /* PurchasesViewController.swift */ = {isa = PBXFileReference; lastKnownFileType = sourcecode.swift; path = PurchasesViewController.swift; sourceTree = "<group>"; };
		5E7E443C27413F470003BC34 /* Base */ = {isa = PBXFileReference; lastKnownFileType = file.storyboard; name = Base; path = Base.lproj/Main.storyboard; sourceTree = "<group>"; };
		5E7E443F27413F470003BC34 /* MarcosApostolo.xcdatamodel */ = {isa = PBXFileReference; lastKnownFileType = wrapper.xcdatamodel; path = MarcosApostolo.xcdatamodel; sourceTree = "<group>"; };
		5E7E444127413F480003BC34 /* Assets.xcassets */ = {isa = PBXFileReference; lastKnownFileType = folder.assetcatalog; path = Assets.xcassets; sourceTree = "<group>"; };
		5E7E444427413F480003BC34 /* Base */ = {isa = PBXFileReference; lastKnownFileType = file.storyboard; name = Base; path = Base.lproj/LaunchScreen.storyboard; sourceTree = "<group>"; };
		5E7E444627413F480003BC34 /* Info.plist */ = {isa = PBXFileReference; lastKnownFileType = text.plist.xml; path = Info.plist; sourceTree = "<group>"; };
		5E7E4450274142FC0003BC34 /* SettingsViewController.swift */ = {isa = PBXFileReference; lastKnownFileType = sourcecode.swift; path = SettingsViewController.swift; sourceTree = "<group>"; };
		5EB26320274164890070B4A5 /* ResultsViewController.swift */ = {isa = PBXFileReference; lastKnownFileType = sourcecode.swift; path = ResultsViewController.swift; sourceTree = "<group>"; };
		5EB26323274164B80070B4A5 /* RegisterViewController.swift */ = {isa = PBXFileReference; lastKnownFileType = sourcecode.swift; path = RegisterViewController.swift; sourceTree = "<group>"; };
/* End PBXFileReference section */

/* Begin PBXFrameworksBuildPhase section */
		5E7E442F27413F470003BC34 /* Frameworks */ = {
			isa = PBXFrameworksBuildPhase;
			buildActionMask = 2147483647;
			files = (
			);
			runOnlyForDeploymentPostprocessing = 0;
		};
/* End PBXFrameworksBuildPhase section */

/* Begin PBXGroup section */
		5E7E442927413F470003BC34 = {
			isa = PBXGroup;
			children = (
				5E7E443427413F470003BC34 /* MarcosApostolo */,
				5E7E443327413F470003BC34 /* Products */,
			);
			sourceTree = "<group>";
		};
		5E7E443327413F470003BC34 /* Products */ = {
			isa = PBXGroup;
			children = (
				5E7E443227413F470003BC34 /* MarcosApostolo.app */,
			);
			name = Products;
			sourceTree = "<group>";
		};
		5E7E443427413F470003BC34 /* MarcosApostolo */ = {
			isa = PBXGroup;
			children = (
				5EB2631F2741643E0070B4A5 /* Results */,
				5EB2631E274164340070B4A5 /* Settings */,
				5EB2631D274164290070B4A5 /* Purchases */,
				5EB2631C274164100070B4A5 /* RegisterProduct */,
				5E7E443B27413F470003BC34 /* Main.storyboard */,
				5E7E443527413F470003BC34 /* AppDelegate.swift */,
				5E7E443727413F470003BC34 /* SceneDelegate.swift */,
				5E7E444127413F480003BC34 /* Assets.xcassets */,
				5E7E444327413F480003BC34 /* LaunchScreen.storyboard */,
				5E7E444627413F480003BC34 /* Info.plist */,
				5E7E443E27413F470003BC34 /* MarcosApostolo.xcdatamodeld */,
			);
			path = MarcosApostolo;
			sourceTree = "<group>";
		};
		5EB2631C274164100070B4A5 /* RegisterProduct */ = {
			isa = PBXGroup;
			children = (
				5EB26323274164B80070B4A5 /* RegisterViewController.swift */,
			);
			path = RegisterProduct;
			sourceTree = "<group>";
		};
		5EB2631D274164290070B4A5 /* Purchases */ = {
			isa = PBXGroup;
			children = (
				5E7E443927413F470003BC34 /* PurchasesViewController.swift */,
			);
			path = Purchases;
			sourceTree = "<group>";
		};
		5EB2631E274164340070B4A5 /* Settings */ = {
			isa = PBXGroup;
			children = (
				5E7E4450274142FC0003BC34 /* SettingsViewController.swift */,
			);
			path = Settings;
			sourceTree = "<group>";
		};
		5EB2631F2741643E0070B4A5 /* Results */ = {
			isa = PBXGroup;
			children = (
				5EB26320274164890070B4A5 /* ResultsViewController.swift */,
			);
			path = Results;
			sourceTree = "<group>";
		};
/* End PBXGroup section */

/* Begin PBXNativeTarget section */
		5E7E443127413F470003BC34 /* MarcosApostolo */ = {
			isa = PBXNativeTarget;
			buildConfigurationList = 5E7E444927413F480003BC34 /* Build configuration list for PBXNativeTarget "MarcosApostolo" */;
			buildPhases = (
				5E7E442E27413F470003BC34 /* Sources */,
				5E7E442F27413F470003BC34 /* Frameworks */,
				5E7E443027413F470003BC34 /* Resources */,
			);
			buildRules = (
			);
			dependencies = (
			);
			name = MarcosApostolo;
			productName = MarcosApostolo;
			productReference = 5E7E443227413F470003BC34 /* MarcosApostolo.app */;
			productType = "com.apple.product-type.application";
		};
/* End PBXNativeTarget section */

/* Begin PBXProject section */
		5E7E442A27413F470003BC34 /* Project object */ = {
			isa = PBXProject;
			attributes = {
				BuildIndependentTargetsInParallel = 1;
				LastSwiftUpdateCheck = 1300;
				LastUpgradeCheck = 1300;
				TargetAttributes = {
					5E7E443127413F470003BC34 = {
						CreatedOnToolsVersion = 13.0;
					};
				};
			};
			buildConfigurationList = 5E7E442D27413F470003BC34 /* Build configuration list for PBXProject "MarcosApostolo" */;
			compatibilityVersion = "Xcode 13.0";
			developmentRegion = en;
			hasScannedForEncodings = 0;
			knownRegions = (
				en,
				Base,
			);
			mainGroup = 5E7E442927413F470003BC34;
			productRefGroup = 5E7E443327413F470003BC34 /* Products */;
			projectDirPath = "";
			projectRoot = "";
			targets = (
				5E7E443127413F470003BC34 /* MarcosApostolo */,
			);
		};
/* End PBXProject section */

/* Begin PBXResourcesBuildPhase section */
		5E7E443027413F470003BC34 /* Resources */ = {
			isa = PBXResourcesBuildPhase;
			buildActionMask = 2147483647;
			files = (
				5E7E444527413F480003BC34 /* LaunchScreen.storyboard in Resources */,
				5E7E444227413F480003BC34 /* Assets.xcassets in Resources */,
				5E7E443D27413F470003BC34 /* Main.storyboard in Resources */,
			);
			runOnlyForDeploymentPostprocessing = 0;
		};
/* End PBXResourcesBuildPhase section */

/* Begin PBXSourcesBuildPhase section */
		5E7E442E27413F470003BC34 /* Sources */ = {
			isa = PBXSourcesBuildPhase;
			buildActionMask = 2147483647;
			files = (
				5E7E443A27413F470003BC34 /* PurchasesViewController.swift in Sources */,
				5E7E444027413F470003BC34 /* MarcosApostolo.xcdatamodeld in Sources */,
				5EB26324274164B80070B4A5 /* RegisterViewController.swift in Sources */,
				5E7E443627413F470003BC34 /* AppDelegate.swift in Sources */,
				5E7E4451274142FC0003BC34 /* SettingsViewController.swift in Sources */,
				5E7E443827413F470003BC34 /* SceneDelegate.swift in Sources */,
				5EB26321274164890070B4A5 /* ResultsViewController.swift in Sources */,
			);
			runOnlyForDeploymentPostprocessing = 0;
		};
/* End PBXSourcesBuildPhase section */

/* Begin PBXVariantGroup section */
		5E7E443B27413F470003BC34 /* Main.storyboard */ = {
			isa = PBXVariantGroup;
			children = (
				5E7E443C27413F470003BC34 /* Base */,
			);
			name = Main.storyboard;
			sourceTree = "<group>";
		};
		5E7E444327413F480003BC34 /* LaunchScreen.storyboard */ = {
			isa = PBXVariantGroup;
			children = (
				5E7E444427413F480003BC34 /* Base */,
			);
			name = LaunchScreen.storyboard;
			sourceTree = "<group>";
		};
/* End PBXVariantGroup section */

/* Begin XCBuildConfiguration section */
		5E7E444727413F480003BC34 /* Debug */ = {
			isa = XCBuildConfiguration;
			buildSettings = {
				ALWAYS_SEARCH_USER_PATHS = NO;
				CLANG_ANALYZER_NONNULL = YES;
				CLANG_ANALYZER_NUMBER_OBJECT_CONVERSION = YES_AGGRESSIVE;
				CLANG_CXX_LANGUAGE_STANDARD = "gnu++17";
				CLANG_CXX_LIBRARY = "libc++";
				CLANG_ENABLE_MODULES = YES;
				CLANG_ENABLE_OBJC_ARC = YES;
				CLANG_ENABLE_OBJC_WEAK = YES;
				CLANG_WARN_BLOCK_CAPTURE_AUTORELEASING = YES;
				CLANG_WARN_BOOL_CONVERSION = YES;
				CLANG_WARN_COMMA = YES;
				CLANG_WARN_CONSTANT_CONVERSION = YES;
				CLANG_WARN_DEPRECATED_OBJC_IMPLEMENTATIONS = YES;
				CLANG_WARN_DIRECT_OBJC_ISA_USAGE = YES_ERROR;
				CLANG_WARN_DOCUMENTATION_COMMENTS = YES;
				CLANG_WARN_EMPTY_BODY = YES;
				CLANG_WARN_ENUM_CONVERSION = YES;
				CLANG_WARN_INFINITE_RECURSION = YES;
				CLANG_WARN_INT_CONVERSION = YES;
				CLANG_WARN_NON_LITERAL_NULL_CONVERSION = YES;
				CLANG_WARN_OBJC_IMPLICIT_RETAIN_SELF = YES;
				CLANG_WARN_OBJC_LITERAL_CONVERSION = YES;
				CLANG_WARN_OBJC_ROOT_CLASS = YES_ERROR;
				CLANG_WARN_QUOTED_INCLUDE_IN_FRAMEWORK_HEADER = YES;
				CLANG_WARN_RANGE_LOOP_ANALYSIS = YES;
				CLANG_WARN_STRICT_PROTOTYPES = YES;
				CLANG_WARN_SUSPICIOUS_MOVE = YES;
				CLANG_WARN_UNGUARDED_AVAILABILITY = YES_AGGRESSIVE;
				CLANG_WARN_UNREACHABLE_CODE = YES;
				CLANG_WARN__DUPLICATE_METHOD_MATCH = YES;
				COPY_PHASE_STRIP = NO;
				DEBUG_INFORMATION_FORMAT = dwarf;
				ENABLE_STRICT_OBJC_MSGSEND = YES;
				ENABLE_TESTABILITY = YES;
				GCC_C_LANGUAGE_STANDARD = gnu11;
				GCC_DYNAMIC_NO_PIC = NO;
				GCC_NO_COMMON_BLOCKS = YES;
				GCC_OPTIMIZATION_LEVEL = 0;
				GCC_PREPROCESSOR_DEFINITIONS = (
					"DEBUG=1",
					"$(inherited)",
				);
				GCC_WARN_64_TO_32_BIT_CONVERSION = YES;
				GCC_WARN_ABOUT_RETURN_TYPE = YES_ERROR;
				GCC_WARN_UNDECLARED_SELECTOR = YES;
				GCC_WARN_UNINITIALIZED_AUTOS = YES_AGGRESSIVE;
				GCC_WARN_UNUSED_FUNCTION = YES;
				GCC_WARN_UNUSED_VARIABLE = YES;
				IPHONEOS_DEPLOYMENT_TARGET = 15.0;
				MTL_ENABLE_DEBUG_INFO = INCLUDE_SOURCE;
				MTL_FAST_MATH = YES;
				ONLY_ACTIVE_ARCH = YES;
				SDKROOT = iphoneos;
				SWIFT_ACTIVE_COMPILATION_CONDITIONS = DEBUG;
				SWIFT_OPTIMIZATION_LEVEL = "-Onone";
			};
			name = Debug;
		};
		5E7E444827413F480003BC34 /* Release */ = {
			isa = XCBuildConfiguration;
			buildSettings = {
				ALWAYS_SEARCH_USER_PATHS = NO;
				CLANG_ANALYZER_NONNULL = YES;
				CLANG_ANALYZER_NUMBER_OBJECT_CONVERSION = YES_AGGRESSIVE;
				CLANG_CXX_LANGUAGE_STANDARD = "gnu++17";
				CLANG_CXX_LIBRARY = "libc++";
				CLANG_ENABLE_MODULES = YES;
				CLANG_ENABLE_OBJC_ARC = YES;
				CLANG_ENABLE_OBJC_WEAK = YES;
				CLANG_WARN_BLOCK_CAPTURE_AUTORELEASING = YES;
				CLANG_WARN_BOOL_CONVERSION = YES;
				CLANG_WARN_COMMA = YES;
				CLANG_WARN_CONSTANT_CONVERSION = YES;
				CLANG_WARN_DEPRECATED_OBJC_IMPLEMENTATIONS = YES;
				CLANG_WARN_DIRECT_OBJC_ISA_USAGE = YES_ERROR;
				CLANG_WARN_DOCUMENTATION_COMMENTS = YES;
				CLANG_WARN_EMPTY_BODY = YES;
				CLANG_WARN_ENUM_CONVERSION = YES;
				CLANG_WARN_INFINITE_RECURSION = YES;
				CLANG_WARN_INT_CONVERSION = YES;
				CLANG_WARN_NON_LITERAL_NULL_CONVERSION = YES;
				CLANG_WARN_OBJC_IMPLICIT_RETAIN_SELF = YES;
				CLANG_WARN_OBJC_LITERAL_CONVERSION = YES;
				CLANG_WARN_OBJC_ROOT_CLASS = YES_ERROR;
				CLANG_WARN_QUOTED_INCLUDE_IN_FRAMEWORK_HEADER = YES;
				CLANG_WARN_RANGE_LOOP_ANALYSIS = YES;
				CLANG_WARN_STRICT_PROTOTYPES = YES;
				CLANG_WARN_SUSPICIOUS_MOVE = YES;
				CLANG_WARN_UNGUARDED_AVAILABILITY = YES_AGGRESSIVE;
				CLANG_WARN_UNREACHABLE_CODE = YES;
				CLANG_WARN__DUPLICATE_METHOD_MATCH = YES;
				COPY_PHASE_STRIP = NO;
				DEBUG_INFORMATION_FORMAT = "dwarf-with-dsym";
				ENABLE_NS_ASSERTIONS = NO;
				ENABLE_STRICT_OBJC_MSGSEND = YES;
				GCC_C_LANGUAGE_STANDARD = gnu11;
				GCC_NO_COMMON_BLOCKS = YES;
				GCC_WARN_64_TO_32_BIT_CONVERSION = YES;
				GCC_WARN_ABOUT_RETURN_TYPE = YES_ERROR;
				GCC_WARN_UNDECLARED_SELECTOR = YES;
				GCC_WARN_UNINITIALIZED_AUTOS = YES_AGGRESSIVE;
				GCC_WARN_UNUSED_FUNCTION = YES;
				GCC_WARN_UNUSED_VARIABLE = YES;
				IPHONEOS_DEPLOYMENT_TARGET = 15.0;
				MTL_ENABLE_DEBUG_INFO = NO;
				MTL_FAST_MATH = YES;
				SDKROOT = iphoneos;
				SWIFT_COMPILATION_MODE = wholemodule;
				SWIFT_OPTIMIZATION_LEVEL = "-O";
				VALIDATE_PRODUCT = YES;
			};
			name = Release;
		};
		5E7E444A27413F480003BC34 /* Debug */ = {
			isa = XCBuildConfiguration;
			buildSettings = {
				ASSETCATALOG_COMPILER_APPICON_NAME = AppIcon;
				ASSETCATALOG_COMPILER_GLOBAL_ACCENT_COLOR_NAME = AccentColor;
				CODE_SIGN_STYLE = Automatic;
				CURRENT_PROJECT_VERSION = 1;
				GENERATE_INFOPLIST_FILE = YES;
				INFOPLIST_FILE = MarcosApostolo/Info.plist;
				INFOPLIST_KEY_CFBundleDisplayName = ComprasUSA;
				INFOPLIST_KEY_UIApplicationSupportsIndirectInputEvents = YES;
				INFOPLIST_KEY_UILaunchStoryboardName = LaunchScreen;
				INFOPLIST_KEY_UIMainStoryboardFile = Main;
				INFOPLIST_KEY_UISupportedInterfaceOrientations = UIInterfaceOrientationPortrait;
				INFOPLIST_KEY_UISupportedInterfaceOrientations_iPad = "UIInterfaceOrientationPortrait UIInterfaceOrientationPortraitUpsideDown UIInterfaceOrientationLandscapeLeft UIInterfaceOrientationLandscapeRight";
				INFOPLIST_KEY_UISupportedInterfaceOrientations_iPhone = "UIInterfaceOrientationPortrait UIInterfaceOrientationLandscapeLeft UIInterfaceOrientationLandscapeRight";
				LD_RUNPATH_SEARCH_PATHS = (
					"$(inherited)",
					"@executable_path/Frameworks",
				);
				MARKETING_VERSION = 1.0;
				PRODUCT_BUNDLE_IDENTIFIER = myOrg.MarcosApostolo;
				PRODUCT_NAME = "$(TARGET_NAME)";
				SWIFT_EMIT_LOC_STRINGS = YES;
				SWIFT_VERSION = 5.0;
				TARGETED_DEVICE_FAMILY = 1;
			};
			name = Debug;
		};
		5E7E444B27413F480003BC34 /* Release */ = {
			isa = XCBuildConfiguration;
			buildSettings = {
				ASSETCATALOG_COMPILER_APPICON_NAME = AppIcon;
				ASSETCATALOG_COMPILER_GLOBAL_ACCENT_COLOR_NAME = AccentColor;
				CODE_SIGN_STYLE = Automatic;
				CURRENT_PROJECT_VERSION = 1;
				GENERATE_INFOPLIST_FILE = YES;
				INFOPLIST_FILE = MarcosApostolo/Info.plist;
				INFOPLIST_KEY_CFBundleDisplayName = ComprasUSA;
				INFOPLIST_KEY_UIApplicationSupportsIndirectInputEvents = YES;
				INFOPLIST_KEY_UILaunchStoryboardName = LaunchScreen;
				INFOPLIST_KEY_UIMainStoryboardFile = Main;
				INFOPLIST_KEY_UISupportedInterfaceOrientations = UIInterfaceOrientationPortrait;
				INFOPLIST_KEY_UISupportedInterfaceOrientations_iPad = "UIInterfaceOrientationPortrait UIInterfaceOrientationPortraitUpsideDown UIInterfaceOrientationLandscapeLeft UIInterfaceOrientationLandscapeRight";
				INFOPLIST_KEY_UISupportedInterfaceOrientations_iPhone = "UIInterfaceOrientationPortrait UIInterfaceOrientationLandscapeLeft UIInterfaceOrientationLandscapeRight";
				LD_RUNPATH_SEARCH_PATHS = (
					"$(inherited)",
					"@executable_path/Frameworks",
				);
				MARKETING_VERSION = 1.0;
				PRODUCT_BUNDLE_IDENTIFIER = myOrg.MarcosApostolo;
				PRODUCT_NAME = "$(TARGET_NAME)";
				SWIFT_EMIT_LOC_STRINGS = YES;
				SWIFT_VERSION = 5.0;
				TARGETED_DEVICE_FAMILY = 1;
			};
			name = Release;
		};
/* End XCBuildConfiguration section */

/* Begin XCConfigurationList section */
		5E7E442D27413F470003BC34 /* Build configuration list for PBXProject "MarcosApostolo" */ = {
			isa = XCConfigurationList;
			buildConfigurations = (
				5E7E444727413F480003BC34 /* Debug */,
				5E7E444827413F480003BC34 /* Release */,
			);
			defaultConfigurationIsVisible = 0;
			defaultConfigurationName = Release;
		};
		5E7E444927413F480003BC34 /* Build configuration list for PBXNativeTarget "MarcosApostolo" */ = {
			isa = XCConfigurationList;
			buildConfigurations = (
				5E7E444A27413F480003BC34 /* Debug */,
				5E7E444B27413F480003BC34 /* Release */,
			);
			defaultConfigurationIsVisible = 0;
			defaultConfigurationName = Release;
		};
/* End XCConfigurationList section */

/* Begin XCVersionGroup section */
		5E7E443E27413F470003BC34 /* MarcosApostolo.xcdatamodeld */ = {
			isa = XCVersionGroup;
			children = (
				5E7E443F27413F470003BC34 /* MarcosApostolo.xcdatamodel */,
			);
			currentVersion = 5E7E443F27413F470003BC34 /* MarcosApostolo.xcdatamodel */;
			path = MarcosApostolo.xcdatamodeld;
			sourceTree = "<group>";
			versionGroupType = wrapper.xcdatamodel;
		};
/* End XCVersionGroup section */
	};
	rootObject = 5E7E442A27413F470003BC34 /* Project object */;
}
